// !$*UTF8*$!
{
	archiveVersion = 1;
	classes = {
	};
	objectVersion = 48;
	objects = {

/* Begin PBXBuildFile section */
		42313342236D9DE2005AFE8D /* libimg4tool.0.dylib in Frameworks */ = {isa = PBXBuildFile; fileRef = 42313341236D9DE2005AFE8D /* libimg4tool.0.dylib */; };
		42313343236D9DE2005AFE8D /* libimg4tool.0.dylib in Embed Libraries */ = {isa = PBXBuildFile; fileRef = 42313341236D9DE2005AFE8D /* libimg4tool.0.dylib */; settings = {ATTRIBUTES = (CodeSignOnCopy, ); }; };
		870E9666200779B00043690C /* libplist.3.dylib in Frameworks */ = {isa = PBXBuildFile; fileRef = 870E9665200779B00043690C /* libplist.3.dylib */; };
		870E967020077AC70043690C /* libcrypto.1.0.0.dylib in Frameworks */ = {isa = PBXBuildFile; fileRef = 870E966F20077AC70043690C /* libcrypto.1.0.0.dylib */; };
		87397987233FCBA1001DCF6D /* kernelpatchfinder64.cpp in Sources */ = {isa = PBXBuildFile; fileRef = 8739797C233FCBA0001DCF6D /* kernelpatchfinder64.cpp */; };
		87397988233FCBA1001DCF6D /* insn.cpp in Sources */ = {isa = PBXBuildFile; fileRef = 8739797D233FCBA0001DCF6D /* insn.cpp */; };
		87397989233FCBA1001DCF6D /* ibootpatchfinder64.cpp in Sources */ = {isa = PBXBuildFile; fileRef = 8739797E233FCBA0001DCF6D /* ibootpatchfinder64.cpp */; };
		8739798A233FCBA1001DCF6D /* machopatchfinder64.cpp in Sources */ = {isa = PBXBuildFile; fileRef = 8739797F233FCBA0001DCF6D /* machopatchfinder64.cpp */; };
		8739798B233FCBA1001DCF6D /* main.cpp in Sources */ = {isa = PBXBuildFile; fileRef = 87397980233FCBA0001DCF6D /* main.cpp */; };
		8739798C233FCBA1001DCF6D /* vmem.cpp in Sources */ = {isa = PBXBuildFile; fileRef = 87397981233FCBA0001DCF6D /* vmem.cpp */; };
		8739798D233FCBA1001DCF6D /* patch.cpp in Sources */ = {isa = PBXBuildFile; fileRef = 87397982233FCBA0001DCF6D /* patch.cpp */; };
		8739798E233FCBA1001DCF6D /* patchfinder64.cpp in Sources */ = {isa = PBXBuildFile; fileRef = 87397985233FCBA0001DCF6D /* patchfinder64.cpp */; };
		8739798F233FCBA1001DCF6D /* vsegment.cpp in Sources */ = {isa = PBXBuildFile; fileRef = 87397986233FCBA0001DCF6D /* vsegment.cpp */; };
		873979A2233FCBF0001DCF6D /* exception.cpp in Sources */ = {isa = PBXBuildFile; fileRef = 873979A1233FCBF0001DCF6D /* exception.cpp */; };
/* End PBXBuildFile section */

/* Begin PBXCopyFilesBuildPhase section */
		42313344236D9DE3005AFE8D /* Embed Libraries */ = {
			isa = PBXCopyFilesBuildPhase;
			buildActionMask = 2147483647;
			dstPath = "";
			dstSubfolderSpec = 10;
			files = (
				42313343236D9DE2005AFE8D /* libimg4tool.0.dylib in Embed Libraries */,
			);
			name = "Embed Libraries";
			runOnlyForDeploymentPostprocessing = 0;
		};
		8719282B20067C84005144BB /* CopyFiles */ = {
			isa = PBXCopyFilesBuildPhase;
			buildActionMask = 2147483647;
			dstPath = /usr/share/man/man1/;
			dstSubfolderSpec = 0;
			files = (
			);
			runOnlyForDeploymentPostprocessing = 1;
		};
/* End PBXCopyFilesBuildPhase section */

/* Begin PBXFileReference section */
		42313341236D9DE2005AFE8D /* libimg4tool.0.dylib */ = {isa = PBXFileReference; lastKnownFileType = "compiled.mach-o.dylib"; name = libimg4tool.0.dylib; path = ../../../../usr/local/lib/libimg4tool.0.dylib; sourceTree = "<group>"; };
		870E9665200779B00043690C /* libplist.3.dylib */ = {isa = PBXFileReference; lastKnownFileType = "compiled.mach-o.dylib"; name = libplist.3.dylib; path = ../../../../usr/local/lib/libplist.3.dylib; sourceTree = "<group>"; };
		870E9667200779BB0043690C /* libcorecrypto.tbd */ = {isa = PBXFileReference; lastKnownFileType = "sourcecode.text-based-dylib-definition"; name = libcorecrypto.tbd; path = usr/lib/system/libcorecrypto.tbd; sourceTree = SDKROOT; };
		870E9669200779F80043690C /* libcommonCrypto.tbd */ = {isa = PBXFileReference; lastKnownFileType = "sourcecode.text-based-dylib-definition"; name = libcommonCrypto.tbd; path = usr/lib/system/libcommonCrypto.tbd; sourceTree = SDKROOT; };
		870E966B20077A220043690C /* Security.framework */ = {isa = PBXFileReference; lastKnownFileType = wrapper.framework; name = Security.framework; path = System/Library/Frameworks/Security.framework; sourceTree = SDKROOT; };
		870E966F20077AC70043690C /* libcrypto.1.0.0.dylib */ = {isa = PBXFileReference; lastKnownFileType = "compiled.mach-o.dylib"; name = libcrypto.1.0.0.dylib; path = ../../../../usr/local/Cellar/openssl/1.0.2n/lib/libcrypto.1.0.0.dylib; sourceTree = "<group>"; };
		8719282D20067C84005144BB /* liboffsetfinder64 */ = {isa = PBXFileReference; explicitFileType = "compiled.mach-o.executable"; includeInIndex = 0; path = liboffsetfinder64; sourceTree = BUILT_PRODUCTS_DIR; };
		8739797C233FCBA0001DCF6D /* kernelpatchfinder64.cpp */ = {isa = PBXFileReference; fileEncoding = 4; lastKnownFileType = sourcecode.cpp.cpp; path = kernelpatchfinder64.cpp; sourceTree = "<group>"; };
		8739797D233FCBA0001DCF6D /* insn.cpp */ = {isa = PBXFileReference; fileEncoding = 4; lastKnownFileType = sourcecode.cpp.cpp; path = insn.cpp; sourceTree = "<group>"; };
		8739797E233FCBA0001DCF6D /* ibootpatchfinder64.cpp */ = {isa = PBXFileReference; fileEncoding = 4; lastKnownFileType = sourcecode.cpp.cpp; path = ibootpatchfinder64.cpp; sourceTree = "<group>"; };
		8739797F233FCBA0001DCF6D /* machopatchfinder64.cpp */ = {isa = PBXFileReference; fileEncoding = 4; lastKnownFileType = sourcecode.cpp.cpp; path = machopatchfinder64.cpp; sourceTree = "<group>"; };
		87397980233FCBA0001DCF6D /* main.cpp */ = {isa = PBXFileReference; fileEncoding = 4; lastKnownFileType = sourcecode.cpp.cpp; path = main.cpp; sourceTree = "<group>"; };
		87397981233FCBA0001DCF6D /* vmem.cpp */ = {isa = PBXFileReference; fileEncoding = 4; lastKnownFileType = sourcecode.cpp.cpp; path = vmem.cpp; sourceTree = "<group>"; };
		87397982233FCBA0001DCF6D /* patch.cpp */ = {isa = PBXFileReference; fileEncoding = 4; lastKnownFileType = sourcecode.cpp.cpp; path = patch.cpp; sourceTree = "<group>"; };
		87397984233FCBA0001DCF6D /* all_liboffsetfinder.hpp */ = {isa = PBXFileReference; fileEncoding = 4; lastKnownFileType = sourcecode.cpp.h; path = all_liboffsetfinder.hpp; sourceTree = "<group>"; };
		87397985233FCBA0001DCF6D /* patchfinder64.cpp */ = {isa = PBXFileReference; fileEncoding = 4; lastKnownFileType = sourcecode.cpp.cpp; path = patchfinder64.cpp; sourceTree = "<group>"; };
		87397986233FCBA0001DCF6D /* vsegment.cpp */ = {isa = PBXFileReference; fileEncoding = 4; lastKnownFileType = sourcecode.cpp.cpp; path = vsegment.cpp; sourceTree = "<group>"; };
		873979A1233FCBF0001DCF6D /* exception.cpp */ = {isa = PBXFileReference; fileEncoding = 4; lastKnownFileType = sourcecode.cpp.cpp; name = exception.cpp; path = external/libgeneral/libgeneral/exception.cpp; sourceTree = SOURCE_ROOT; };
		873979AD233FCCF3001DCF6D /* kernelpatchfinder64.hpp */ = {isa = PBXFileReference; lastKnownFileType = sourcecode.cpp.h; name = kernelpatchfinder64.hpp; path = include/liboffsetfinder64/kernelpatchfinder64.hpp; sourceTree = SOURCE_ROOT; };
		873979AE233FCCF3001DCF6D /* patchfinder64.hpp */ = {isa = PBXFileReference; lastKnownFileType = sourcecode.cpp.h; name = patchfinder64.hpp; path = include/liboffsetfinder64/patchfinder64.hpp; sourceTree = SOURCE_ROOT; };
		873979AF233FCCF3001DCF6D /* insn.hpp */ = {isa = PBXFileReference; lastKnownFileType = sourcecode.cpp.h; name = insn.hpp; path = include/liboffsetfinder64/insn.hpp; sourceTree = SOURCE_ROOT; };
		873979B0233FCCF3001DCF6D /* common.h */ = {isa = PBXFileReference; lastKnownFileType = sourcecode.c.h; name = common.h; path = include/liboffsetfinder64/common.h; sourceTree = SOURCE_ROOT; };
		873979B1233FCCF3001DCF6D /* patch.hpp */ = {isa = PBXFileReference; lastKnownFileType = sourcecode.cpp.h; name = patch.hpp; path = include/liboffsetfinder64/patch.hpp; sourceTree = SOURCE_ROOT; };
		873979B2233FCCF3001DCF6D /* OFexception.hpp */ = {isa = PBXFileReference; lastKnownFileType = sourcecode.cpp.h; name = OFexception.hpp; path = include/liboffsetfinder64/OFexception.hpp; sourceTree = SOURCE_ROOT; };
		873979B3233FCCF3001DCF6D /* machopatchfinder64.hpp */ = {isa = PBXFileReference; lastKnownFileType = sourcecode.cpp.h; name = machopatchfinder64.hpp; path = include/liboffsetfinder64/machopatchfinder64.hpp; sourceTree = SOURCE_ROOT; };
		873979B4233FCCF3001DCF6D /* vmem.hpp */ = {isa = PBXFileReference; lastKnownFileType = sourcecode.cpp.h; name = vmem.hpp; path = include/liboffsetfinder64/vmem.hpp; sourceTree = SOURCE_ROOT; };
		873979B5233FCCF3001DCF6D /* ibootpatchfinder64.hpp */ = {isa = PBXFileReference; lastKnownFileType = sourcecode.cpp.h; name = ibootpatchfinder64.hpp; path = include/liboffsetfinder64/ibootpatchfinder64.hpp; sourceTree = SOURCE_ROOT; };
		873979B6233FCCF3001DCF6D /* vsegment.hpp */ = {isa = PBXFileReference; lastKnownFileType = sourcecode.cpp.h; name = vsegment.hpp; path = include/liboffsetfinder64/vsegment.hpp; sourceTree = SOURCE_ROOT; };
/* End PBXFileReference section */

/* Begin PBXFrameworksBuildPhase section */
		8719282A20067C84005144BB /* Frameworks */ = {
			isa = PBXFrameworksBuildPhase;
			buildActionMask = 2147483647;
			files = (
				42313342236D9DE2005AFE8D /* libimg4tool.0.dylib in Frameworks */,
				870E967020077AC70043690C /* libcrypto.1.0.0.dylib in Frameworks */,
				870E9666200779B00043690C /* libplist.3.dylib in Frameworks */,
			);
			runOnlyForDeploymentPostprocessing = 0;
		};
/* End PBXFrameworksBuildPhase section */

/* Begin PBXGroup section */
		870E9664200779AF0043690C /* Frameworks */ = {
			isa = PBXGroup;
			children = (
				42313341236D9DE2005AFE8D /* libimg4tool.0.dylib */,
				870E966F20077AC70043690C /* libcrypto.1.0.0.dylib */,
				870E966B20077A220043690C /* Security.framework */,
				870E9669200779F80043690C /* libcommonCrypto.tbd */,
				870E9667200779BB0043690C /* libcorecrypto.tbd */,
				870E9665200779B00043690C /* libplist.3.dylib */,
			);
			name = Frameworks;
			sourceTree = "<group>";
		};
		8719282420067C84005144BB = {
			isa = PBXGroup;
			children = (
				8719282F20067C84005144BB /* liboffsetfinder64 */,
				8719282E20067C84005144BB /* Products */,
				870E9664200779AF0043690C /* Frameworks */,
			);
			sourceTree = "<group>";
		};
		8719282E20067C84005144BB /* Products */ = {
			isa = PBXGroup;
			children = (
				8719282D20067C84005144BB /* liboffsetfinder64 */,
			);
			name = Products;
			sourceTree = "<group>";
		};
		8719282F20067C84005144BB /* liboffsetfinder64 */ = {
			isa = PBXGroup;
			children = (
				87397984233FCBA0001DCF6D /* all_liboffsetfinder.hpp */,
				87397999233FCBBF001DCF6D /* external */,
				873979B0233FCCF3001DCF6D /* common.h */,
				873979B2233FCCF3001DCF6D /* OFexception.hpp */,
				873979B1233FCCF3001DCF6D /* patch.hpp */,
				87397982233FCBA0001DCF6D /* patch.cpp */,
				873979AF233FCCF3001DCF6D /* insn.hpp */,
				8739797D233FCBA0001DCF6D /* insn.cpp */,
				873979B6233FCCF3001DCF6D /* vsegment.hpp */,
				87397986233FCBA0001DCF6D /* vsegment.cpp */,
				873979B4233FCCF3001DCF6D /* vmem.hpp */,
				87397981233FCBA0001DCF6D /* vmem.cpp */,
				873979AE233FCCF3001DCF6D /* patchfinder64.hpp */,
				87397985233FCBA0001DCF6D /* patchfinder64.cpp */,
				873979B3233FCCF3001DCF6D /* machopatchfinder64.hpp */,
				8739797F233FCBA0001DCF6D /* machopatchfinder64.cpp */,
				873979AD233FCCF3001DCF6D /* kernelpatchfinder64.hpp */,
				8739797C233FCBA0001DCF6D /* kernelpatchfinder64.cpp */,
				873979B5233FCCF3001DCF6D /* ibootpatchfinder64.hpp */,
				8739797E233FCBA0001DCF6D /* ibootpatchfinder64.cpp */,
				87397980233FCBA0001DCF6D /* main.cpp */,
			);
			path = liboffsetfinder64;
			sourceTree = "<group>";
		};
		87397999233FCBBF001DCF6D /* external */ = {
			isa = PBXGroup;
			children = (
				873979A0233FCBE1001DCF6D /* libgeneral */,
			);
			path = external;
			sourceTree = "<group>";
		};
		873979A0233FCBE1001DCF6D /* libgeneral */ = {
			isa = PBXGroup;
			children = (
				873979A1233FCBF0001DCF6D /* exception.cpp */,
			);
			path = libgeneral;
			sourceTree = "<group>";
		};
/* End PBXGroup section */

/* Begin PBXNativeTarget section */
		8719282C20067C84005144BB /* liboffsetfinder64 */ = {
			isa = PBXNativeTarget;
			buildConfigurationList = 8719283420067C84005144BB /* Build configuration list for PBXNativeTarget "liboffsetfinder64" */;
			buildPhases = (
				8719282920067C84005144BB /* Sources */,
				8719282A20067C84005144BB /* Frameworks */,
				8719282B20067C84005144BB /* CopyFiles */,
				42313344236D9DE3005AFE8D /* Embed Libraries */,
			);
			buildRules = (
			);
			dependencies = (
			);
			name = liboffsetfinder64;
			productName = liboffsetfinder64;
			productReference = 8719282D20067C84005144BB /* liboffsetfinder64 */;
			productType = "com.apple.product-type.tool";
		};
/* End PBXNativeTarget section */

/* Begin PBXProject section */
		8719282520067C84005144BB /* Project object */ = {
			isa = PBXProject;
			attributes = {
				LastUpgradeCheck = 0920;
				ORGANIZATIONNAME = tihmstar;
				TargetAttributes = {
					8719282C20067C84005144BB = {
						CreatedOnToolsVersion = 9.2;
						ProvisioningStyle = Automatic;
					};
				};
			};
			buildConfigurationList = 8719282820067C84005144BB /* Build configuration list for PBXProject "liboffsetfinder64" */;
			compatibilityVersion = "Xcode 8.0";
			developmentRegion = en;
			hasScannedForEncodings = 0;
			knownRegions = (
				en,
			);
			mainGroup = 8719282420067C84005144BB;
			productRefGroup = 8719282E20067C84005144BB /* Products */;
			projectDirPath = "";
			projectRoot = "";
			targets = (
				8719282C20067C84005144BB /* liboffsetfinder64 */,
			);
		};
/* End PBXProject section */

/* Begin PBXSourcesBuildPhase section */
		8719282920067C84005144BB /* Sources */ = {
			isa = PBXSourcesBuildPhase;
			buildActionMask = 2147483647;
			files = (
				8739798C233FCBA1001DCF6D /* vmem.cpp in Sources */,
				8739798E233FCBA1001DCF6D /* patchfinder64.cpp in Sources */,
				8739798D233FCBA1001DCF6D /* patch.cpp in Sources */,
				873979A2233FCBF0001DCF6D /* exception.cpp in Sources */,
				87397988233FCBA1001DCF6D /* insn.cpp in Sources */,
				87397989233FCBA1001DCF6D /* ibootpatchfinder64.cpp in Sources */,
				8739798A233FCBA1001DCF6D /* machopatchfinder64.cpp in Sources */,
				8739798B233FCBA1001DCF6D /* main.cpp in Sources */,
				8739798F233FCBA1001DCF6D /* vsegment.cpp in Sources */,
				87397987233FCBA1001DCF6D /* kernelpatchfinder64.cpp in Sources */,
			);
			runOnlyForDeploymentPostprocessing = 0;
		};
/* End PBXSourcesBuildPhase section */

/* Begin XCBuildConfiguration section */
		8719283220067C84005144BB /* Debug */ = {
			isa = XCBuildConfiguration;
			buildSettings = {
				ALWAYS_SEARCH_USER_PATHS = NO;
				CLANG_ANALYZER_NONNULL = YES;
				CLANG_ANALYZER_NUMBER_OBJECT_CONVERSION = YES_AGGRESSIVE;
				CLANG_CXX_LANGUAGE_STANDARD = "gnu++14";
				CLANG_CXX_LIBRARY = "libc++";
				CLANG_ENABLE_MODULES = YES;
				CLANG_ENABLE_OBJC_ARC = YES;
				CLANG_WARN_BLOCK_CAPTURE_AUTORELEASING = YES;
				CLANG_WARN_BOOL_CONVERSION = YES;
				CLANG_WARN_COMMA = YES;
				CLANG_WARN_CONSTANT_CONVERSION = YES;
				CLANG_WARN_DIRECT_OBJC_ISA_USAGE = YES_ERROR;
				CLANG_WARN_DOCUMENTATION_COMMENTS = YES;
				CLANG_WARN_EMPTY_BODY = YES;
				CLANG_WARN_ENUM_CONVERSION = YES;
				CLANG_WARN_INFINITE_RECURSION = YES;
				CLANG_WARN_INT_CONVERSION = YES;
				CLANG_WARN_NON_LITERAL_NULL_CONVERSION = YES;
				CLANG_WARN_OBJC_LITERAL_CONVERSION = YES;
				CLANG_WARN_OBJC_ROOT_CLASS = YES_ERROR;
				CLANG_WARN_RANGE_LOOP_ANALYSIS = YES;
				CLANG_WARN_STRICT_PROTOTYPES = YES;
				CLANG_WARN_SUSPICIOUS_MOVE = YES;
				CLANG_WARN_UNGUARDED_AVAILABILITY = YES_AGGRESSIVE;
				CLANG_WARN_UNREACHABLE_CODE = YES;
				CLANG_WARN__DUPLICATE_METHOD_MATCH = YES;
				CODE_SIGN_IDENTITY = "-";
				COPY_PHASE_STRIP = NO;
				DEBUG_INFORMATION_FORMAT = dwarf;
				ENABLE_STRICT_OBJC_MSGSEND = YES;
				ENABLE_TESTABILITY = YES;
				GCC_C_LANGUAGE_STANDARD = gnu11;
				GCC_DYNAMIC_NO_PIC = NO;
				GCC_NO_COMMON_BLOCKS = YES;
				GCC_OPTIMIZATION_LEVEL = 0;
				GCC_PREPROCESSOR_DEFINITIONS = (
					"DEBUG=1",
					"$(inherited)",
				);
				GCC_WARN_64_TO_32_BIT_CONVERSION = YES;
				GCC_WARN_ABOUT_RETURN_TYPE = YES_ERROR;
				GCC_WARN_UNDECLARED_SELECTOR = YES;
				GCC_WARN_UNINITIALIZED_AUTOS = YES_AGGRESSIVE;
				GCC_WARN_UNUSED_FUNCTION = YES;
				GCC_WARN_UNUSED_VARIABLE = YES;
				MACOSX_DEPLOYMENT_TARGET = 10.13;
				MTL_ENABLE_DEBUG_INFO = YES;
				ONLY_ACTIVE_ARCH = YES;
				SDKROOT = macosx;
			};
			name = Debug;
		};
		8719283320067C84005144BB /* Release */ = {
			isa = XCBuildConfiguration;
			buildSettings = {
				ALWAYS_SEARCH_USER_PATHS = NO;
				CLANG_ANALYZER_NONNULL = YES;
				CLANG_ANALYZER_NUMBER_OBJECT_CONVERSION = YES_AGGRESSIVE;
				CLANG_CXX_LANGUAGE_STANDARD = "gnu++14";
				CLANG_CXX_LIBRARY = "libc++";
				CLANG_ENABLE_MODULES = YES;
				CLANG_ENABLE_OBJC_ARC = YES;
				CLANG_WARN_BLOCK_CAPTURE_AUTORELEASING = YES;
				CLANG_WARN_BOOL_CONVERSION = YES;
				CLANG_WARN_COMMA = YES;
				CLANG_WARN_CONSTANT_CONVERSION = YES;
				CLANG_WARN_DIRECT_OBJC_ISA_USAGE = YES_ERROR;
				CLANG_WARN_DOCUMENTATION_COMMENTS = YES;
				CLANG_WARN_EMPTY_BODY = YES;
				CLANG_WARN_ENUM_CONVERSION = YES;
				CLANG_WARN_INFINITE_RECURSION = YES;
				CLANG_WARN_INT_CONVERSION = YES;
				CLANG_WARN_NON_LITERAL_NULL_CONVERSION = YES;
				CLANG_WARN_OBJC_LITERAL_CONVERSION = YES;
				CLANG_WARN_OBJC_ROOT_CLASS = YES_ERROR;
				CLANG_WARN_RANGE_LOOP_ANALYSIS = YES;
				CLANG_WARN_STRICT_PROTOTYPES = YES;
				CLANG_WARN_SUSPICIOUS_MOVE = YES;
				CLANG_WARN_UNGUARDED_AVAILABILITY = YES_AGGRESSIVE;
				CLANG_WARN_UNREACHABLE_CODE = YES;
				CLANG_WARN__DUPLICATE_METHOD_MATCH = YES;
				CODE_SIGN_IDENTITY = "-";
				COPY_PHASE_STRIP = NO;
				DEBUG_INFORMATION_FORMAT = "dwarf-with-dsym";
				ENABLE_NS_ASSERTIONS = NO;
				ENABLE_STRICT_OBJC_MSGSEND = YES;
				GCC_C_LANGUAGE_STANDARD = gnu11;
				GCC_NO_COMMON_BLOCKS = YES;
				GCC_WARN_64_TO_32_BIT_CONVERSION = YES;
				GCC_WARN_ABOUT_RETURN_TYPE = YES_ERROR;
				GCC_WARN_UNDECLARED_SELECTOR = YES;
				GCC_WARN_UNINITIALIZED_AUTOS = YES_AGGRESSIVE;
				GCC_WARN_UNUSED_FUNCTION = YES;
				GCC_WARN_UNUSED_VARIABLE = YES;
				MACOSX_DEPLOYMENT_TARGET = 10.13;
				MTL_ENABLE_DEBUG_INFO = NO;
				SDKROOT = macosx;
			};
			name = Release;
		};
		8719283520067C84005144BB /* Debug */ = {
			isa = XCBuildConfiguration;
			buildSettings = {
				CODE_SIGN_STYLE = Automatic;
				GCC_PREPROCESSOR_DEFINITIONS = (
					"DEBUG=1",
					"$(inherited)",
					"EXPECTIONNAME='OFexception'",
				);
				HEADER_SEARCH_PATHS = (
					/usr/local/opt/openssl/include,
					"$(SRCROOT)/include",
					"$(SRCROOT)/external/libgeneral/include",
					/usr/local/include,
				);
				LIBRARY_SEARCH_PATHS = (
					/usr/local/lib,
					"$(SDKROOT)/usr/lib/system",
					/usr/local/Cellar/openssl/1.0.2n/lib,
					/usr/local/opt/openssl/lib,
				);
				OTHER_CFLAGS = "";
				PRODUCT_NAME = "$(TARGET_NAME)";
			};
			name = Debug;
		};
		8719283620067C84005144BB /* Release */ = {
			isa = XCBuildConfiguration;
			buildSettings = {
				CODE_SIGN_STYLE = Automatic;
				HEADER_SEARCH_PATHS = (
					/usr/local/opt/openssl/include,
					"$(SRCROOT)/include",
					"$(SRCROOT)/external/libgeneral/include",
					/usr/local/include,
				);
				LIBRARY_SEARCH_PATHS = (
					/usr/local/lib,
					"$(SDKROOT)/usr/lib/system",
					/usr/local/Cellar/openssl/1.0.2n/lib,
					/usr/local/opt/openssl/lib,
				);
				OTHER_CFLAGS = "";
				PRODUCT_NAME = "$(TARGET_NAME)";
			};
			name = Release;
		};
/* End XCBuildConfiguration section */

/* Begin XCConfigurationList section */
		8719282820067C84005144BB /* Build configuration list for PBXProject "liboffsetfinder64" */ = {
			isa = XCConfigurationList;
			buildConfigurations = (
				8719283220067C84005144BB /* Debug */,
				8719283320067C84005144BB /* Release */,
			);
			defaultConfigurationIsVisible = 0;
			defaultConfigurationName = Release;
		};
		8719283420067C84005144BB /* Build configuration list for PBXNativeTarget "liboffsetfinder64" */ = {
			isa = XCConfigurationList;
			buildConfigurations = (
				8719283520067C84005144BB /* Debug */,
				8719283620067C84005144BB /* Release */,
			);
			defaultConfigurationIsVisible = 0;
			defaultConfigurationName = Release;
		};
/* End XCConfigurationList section */
	};
	rootObject = 8719282520067C84005144BB /* Project object */;
}
